<?xml version="1.0" encoding="utf-8"?>
<Project ToolsVersion="4.0" xmlns="http://schemas.microsoft.com/developer/msbuild/2003">
  <ItemGroup>
    <Filter Include="Source Files">
      <UniqueIdentifier>{4FC737F1-C7A5-4376-A066-2A32D752A2FF}</UniqueIdentifier>
      <Extensions>cpp;c;cc;cxx;def;odl;idl;hpj;bat;asm;asmx</Extensions>
    </Filter>
    <Filter Include="Header Files">
      <UniqueIdentifier>{93995380-89BD-4b04-88EB-625FBE52EBFB}</UniqueIdentifier>
      <Extensions>h;hh;hpp;hxx;hm;inl;inc;xsd</Extensions>
    </Filter>
    <Filter Include="Resource Files">
      <UniqueIdentifier>{67DA6AB6-F800-4c08-8B7A-83BB121AAD01}</UniqueIdentifier>
      <Extensions>rc;ico;cur;bmp;dlg;rc2;rct;bin;rgs;gif;jpg;jpeg;jpe;resx;tiff;tif;png;wav;mfcribbon-ms</Extensions>
    </Filter>
    <Filter Include="Common">
      <UniqueIdentifier>{c9252ad4-910b-4d11-ac53-12445fee0493}</UniqueIdentifier>
    </Filter>
    <Filter Include="Source Files\Problem Domain">
      <UniqueIdentifier>{43c8dcd7-b5b9-4042-be78-464a0cbecbd0}</UniqueIdentifier>
    </Filter>
    <Filter Include="Source Files\Menu">
      <UniqueIdentifier>{1e70425a-4bc0-43f8-a3b9-a6f6d66a3edb}</UniqueIdentifier>
    </Filter>
    <Filter Include="Source Files\UI">
      <UniqueIdentifier>{79c6661d-8db5-4785-b9d7-70e8ae4217ce}</UniqueIdentifier>
    </Filter>
    <Filter Include="Source Files\Problem Domain\Controller">
      <UniqueIdentifier>{77165082-ec06-4d89-9a48-3ef0585a2162}</UniqueIdentifier>
    </Filter>
    <Filter Include="Header Files\UI">
      <UniqueIdentifier>{d7d8d146-b519-4cde-ae35-d80a8fd757a8}</UniqueIdentifier>
    </Filter>
    <Filter Include="FX">
      <UniqueIdentifier>{90211cf3-cded-477c-a88f-f1943cd387d5}</UniqueIdentifier>
    </Filter>
    <Filter Include="Header Files\Problem Domain">
      <UniqueIdentifier>{8022cfa6-fa6e-498d-93a8-124f7dc3899a}</UniqueIdentifier>
    </Filter>
    <Filter Include="Header Files\Menu">
      <UniqueIdentifier>{e4042004-37f7-414d-86aa-6659425a1ed5}</UniqueIdentifier>
    </Filter>
    <Filter Include="Header Files\Unused">
      <UniqueIdentifier>{52307f87-6473-46f3-8ab4-1d53271cb09e}</UniqueIdentifier>
    </Filter>
    <Filter Include="Source Files\Unused">
      <UniqueIdentifier>{1520cc8a-05b8-4953-a710-34446230a8b1}</UniqueIdentifier>
    </Filter>
    <Filter Include="Header Files\sql">
      <UniqueIdentifier>{0342e08d-1b41-42f7-ab17-ea5df9504c6c}</UniqueIdentifier>
    </Filter>
    <Filter Include="DDS">
      <UniqueIdentifier>{7237e144-7c52-4bea-b57e-4c8959c48581}</UniqueIdentifier>
    </Filter>
    <Filter Include="Source Files\Terrain">
      <UniqueIdentifier>{5cd725fe-f9bd-4084-a1b8-28f2c73baaed}</UniqueIdentifier>
    </Filter>
    <Filter Include="Header Files\Terrain">
      <UniqueIdentifier>{d56ed83a-561a-46d2-bb7a-7f328fbf409d}</UniqueIdentifier>
    </Filter>
  </ItemGroup>
  <ItemGroup>
    <ClCompile Include="World.cpp">
      <Filter>Source Files\Problem Domain</Filter>
    </ClCompile>
    <ClCompile Include="Weapon.cpp">
      <Filter>Source Files\Problem Domain</Filter>
    </ClCompile>
    <ClCompile Include="Stats.cpp">
      <Filter>Source Files\Problem Domain</Filter>
    </ClCompile>
    <ClCompile Include="Physics.cpp">
      <Filter>Source Files\Problem Domain</Filter>
    </ClCompile>
    <ClCompile Include="Physics.cpp">
      <Filter>Source Files\Problem Domain</Filter>
    </ClCompile>
    <ClCompile Include="Menu.cpp">
      <Filter>Source Files\Menu</Filter>
    </ClCompile>
    <ClCompile Include="Controller.cpp">
      <Filter>Source Files\Problem Domain\Controller</Filter>
    </ClCompile>
    <ClCompile Include="Object.cpp">
      <Filter>Source Files\Problem Domain</Filter>
    </ClCompile>
    <ClCompile Include="Biped.cpp">
      <Filter>Source Files\Problem Domain</Filter>
    </ClCompile>
    <ClCompile Include="point.cpp">
      <Filter>Source Files\Problem Domain</Filter>
    </ClCompile>
    <ClCompile Include="Team.cpp">
      <Filter>Source Files\Problem Domain</Filter>
    </ClCompile>
    <ClCompile Include="Settings.cpp">
      <Filter>Source Files\Menu</Filter>
    </ClCompile>
    <ClCompile Include="cubemap.cpp">
      <Filter>Source Files\UI</Filter>
    </ClCompile>
    <ClCompile Include="Effects.cpp">
      <Filter>Source Files\UI</Filter>
    </ClCompile>
    <ClCompile Include="RenderStates.cpp">
      <Filter>Source Files\UI</Filter>
    </ClCompile>
    <ClCompile Include="Vertex.cpp">
      <Filter>Source Files\UI</Filter>
    </ClCompile>
    <ClCompile Include="SeniorPro.cpp">
      <Filter>Source Files\UI</Filter>
    </ClCompile>
    <ClCompile Include="Position.cpp">
      <Filter>Source Files\Unused</Filter>
    </ClCompile>
    <ClCompile Include="Box.cpp">
      <Filter>Source Files</Filter>
    </ClCompile>
    <ClCompile Include="LookDirection.cpp">
      <Filter>Source Files</Filter>
    </ClCompile>
    <ClCompile Include="ShadowMap.cpp">
      <Filter>Source Files</Filter>
    </ClCompile>
    <ClCompile Include="Ssao.cpp">
      <Filter>Source Files</Filter>
    </ClCompile>
    <ClCompile Include="WalkingStatus.cpp">
      <Filter>Source Files</Filter>
    </ClCompile>
    <ClCompile Include="d3dApp.cpp">
      <Filter>Source Files</Filter>
    </ClCompile>
    <ClCompile Include="CameraMain.cpp">
      <Filter>Source Files</Filter>
    </ClCompile>
    <ClCompile Include="VertexMain.cpp">
      <Filter>Source Files</Filter>
    </ClCompile>
    <ClCompile Include="Mesh.cpp">
      <Filter>Source Files</Filter>
    </ClCompile>
    <ClCompile Include="Camera.cpp">
      <Filter>Source Files\Problem Domain</Filter>
    </ClCompile>
    <ClCompile Include="d3dUtil.cpp">
      <Filter>Source Files\Problem Domain</Filter>
    </ClCompile>
    <ClCompile Include="GeometryGenerator.cpp">
      <Filter>Source Files\Problem Domain</Filter>
    </ClCompile>
    <ClCompile Include="LightHelper.cpp">
      <Filter>Source Files\Problem Domain</Filter>
    </ClCompile>
    <ClCompile Include="MathHelper.cpp">
      <Filter>Source Files\Problem Domain</Filter>
    </ClCompile>
    <ClCompile Include="TextureMgr.cpp">
      <Filter>Source Files\Problem Domain</Filter>
    </ClCompile>
    <ClCompile Include="Waves.cpp">
      <Filter>Source Files\Problem Domain</Filter>
    </ClCompile>
    <ClCompile Include="xnacollision.cpp">
      <Filter>Source Files\Problem Domain</Filter>
    </ClCompile>
    <ClCompile Include="Enemy.cpp">
      <Filter>Source Files</Filter>
    </ClCompile>
    <ClCompile Include="Collision.cpp">
      <Filter>Source Files\Problem Domain</Filter>
    </ClCompile>
    <ClCompile Include="Collisionwithroundobj.cpp">
      <Filter>Source Files\Problem Domain</Filter>
    </ClCompile>
    <ClCompile Include="TriangleCollision.cpp">
      <Filter>Source Files\Problem Domain</Filter>
    </ClCompile>
    <ClCompile Include="frustumclass.cpp">
      <Filter>Header Files\Terrain</Filter>
    </ClCompile>
    <ClCompile Include="quadtreeclass.cpp">
      <Filter>Header Files\Terrain</Filter>
    </ClCompile>
    <ClCompile Include="terrainclass.cpp">
      <Filter>Header Files\Terrain</Filter>
    </ClCompile>
    <ClCompile Include="terrainshaderclass.cpp">
      <Filter>Header Files\Terrain</Filter>
    </ClCompile>
    <ClCompile Include="textureclass.cpp">
      <Filter>Header Files\Terrain</Filter>
    </ClCompile>
    <ClCompile Include="Terrain.cpp">
      <Filter>Source Files\Terrain</Filter>
    </ClCompile>
  </ItemGroup>
  <ItemGroup>
    <ClInclude Include="Biped.h">
      <Filter>Header Files\Problem Domain</Filter>
    </ClInclude>
    <ClInclude Include="Object.h">
      <Filter>Header Files\Problem Domain</Filter>
    </ClInclude>
    <ClInclude Include="Physics.h">
      <Filter>Header Files\Problem Domain</Filter>
    </ClInclude>
    <ClInclude Include="Stats.h">
      <Filter>Header Files\Problem Domain</Filter>
    </ClInclude>
    <ClInclude Include="Weapon.h">
      <Filter>Header Files\Problem Domain</Filter>
    </ClInclude>
    <ClInclude Include="World.h">
      <Filter>Header Files\Problem Domain</Filter>
    </ClInclude>
    <ClInclude Include="Menu.h">
      <Filter>Header Files\Menu</Filter>
    </ClInclude>
    <ClInclude Include="Settings.h">
      <Filter>Header Files\Menu</Filter>
    </ClInclude>
    <ClInclude Include="Biped.h">
      <Filter>Header Files\Problem Domain</Filter>
    </ClInclude>
    <ClInclude Include="Object.h">
      <Filter>Header Files\Problem Domain</Filter>
    </ClInclude>
    <ClInclude Include="Point.h">
      <Filter>Header Files\Problem Domain</Filter>
    </ClInclude>
    <ClInclude Include="Team.h">
      <Filter>Header Files\Problem Domain</Filter>
    </ClInclude>
    <ClInclude Include="cubemap.h">
      <Filter>Header Files\UI</Filter>
    </ClInclude>
    <ClInclude Include="Effects.h">
      <Filter>Header Files\UI</Filter>
    </ClInclude>
    <ClInclude Include="RenderStates.h">
      <Filter>Header Files\UI</Filter>
    </ClInclude>
    <ClInclude Include="Vertex.h">
      <Filter>Header Files\UI</Filter>
    </ClInclude>
    <ClInclude Include="Controller.h">
      <Filter>Header Files\Unused</Filter>
    </ClInclude>
    <ClInclude Include="Position.h">
      <Filter>Header Files\Unused</Filter>
    </ClInclude>
    <ClInclude Include="Box.h">
      <Filter>Header Files</Filter>
    </ClInclude>
    <ClInclude Include="LookDirection.h">
      <Filter>Header Files</Filter>
    </ClInclude>
    <ClInclude Include="ShadowMap.h">
      <Filter>Header Files</Filter>
    </ClInclude>
    <ClInclude Include="Ssao.h">
      <Filter>Header Files</Filter>
    </ClInclude>
    <ClInclude Include="Stance.h">
      <Filter>Header Files</Filter>
    </ClInclude>
    <ClInclude Include="WalkingStatus.h">
      <Filter>Header Files</Filter>
    </ClInclude>
    <ClInclude Include="Direction.h">
      <Filter>Header Files</Filter>
    </ClInclude>
    <ClInclude Include="Wave.h">
      <Filter>Header Files</Filter>
    </ClInclude>
    <ClInclude Include="d3dApp.h">
      <Filter>Header Files</Filter>
    </ClInclude>
    <ClInclude Include="CameraMain.h">
      <Filter>Header Files</Filter>
    </ClInclude>
    <ClInclude Include="Struct.h">
      <Filter>Header Files</Filter>
    </ClInclude>
    <ClInclude Include="VertexMain.h">
      <Filter>Header Files</Filter>
    </ClInclude>
    <ClInclude Include="Mesh.h">
      <Filter>Header Files</Filter>
    </ClInclude>
    <ClInclude Include="BasicModel.h">
      <Filter>Header Files</Filter>
    </ClInclude>
    <ClInclude Include="Camera.h">
      <Filter>Header Files\Problem Domain</Filter>
    </ClInclude>
    <ClInclude Include="d3dUtil.h">
      <Filter>Header Files\Problem Domain</Filter>
    </ClInclude>
    <ClInclude Include="GameTimer.h">
      <Filter>Header Files\Problem Domain</Filter>
    </ClInclude>
    <ClInclude Include="LightHelper.h">
      <Filter>Header Files\Problem Domain</Filter>
    </ClInclude>
    <ClInclude Include="MathHelper.h">
      <Filter>Header Files\Problem Domain</Filter>
    </ClInclude>
    <ClInclude Include="TextureMgr.h">
      <Filter>Header Files\Problem Domain</Filter>
    </ClInclude>
    <ClInclude Include="Waves.h">
      <Filter>Header Files\Problem Domain</Filter>
    </ClInclude>
    <ClInclude Include="xnacollision.h">
      <Filter>Header Files\Problem Domain</Filter>
    </ClInclude>
    <ClInclude Include="GeometryGenerator.h">
      <Filter>Header Files\Problem Domain</Filter>
    </ClInclude>
    <ClInclude Include="quadTreeClass.h">
      <Filter>Header Files\Terrain</Filter>
    </ClInclude>
    <ClInclude Include="frustumclass.h">
      <Filter>Header Files\Terrain</Filter>
    </ClInclude>
    <ClInclude Include="terrainclass.h">
      <Filter>Header Files\Terrain</Filter>
    </ClInclude>
    <ClInclude Include="terrainshaderclass.h">
      <Filter>Header Files\Terrain</Filter>
    </ClInclude>
    <ClInclude Include="textureclass.h">
      <Filter>Header Files\Terrain</Filter>
    </ClInclude>
    <ClInclude Include="Terrain.h">
      <Filter>Source Files\Terrain</Filter>
    </ClInclude>
  </ItemGroup>
  <ItemGroup>
    <FxCompile Include="FX\Basic.fx">
      <Filter>FX</Filter>
    </FxCompile>
    <FxCompile Include="FX\BuildShadowMap.fx">
      <Filter>FX</Filter>
    </FxCompile>
    <FxCompile Include="FX\cubemap.fx">
      <Filter>FX</Filter>
    </FxCompile>
    <FxCompile Include="FX\DebugTexture.fx">
      <Filter>FX</Filter>
    </FxCompile>
    <FxCompile Include="FX\LightHelper.fx">
      <Filter>FX</Filter>
    </FxCompile>
    <FxCompile Include="FX\NormalMap.fx">
      <Filter>FX</Filter>
    </FxCompile>
    <FxCompile Include="FX\Sky.fx">
      <Filter>FX</Filter>
    </FxCompile>
    <FxCompile Include="FX\Ssao.fx">
      <Filter>FX</Filter>
    </FxCompile>
    <FxCompile Include="FX\SsaoBlur.fx">
      <Filter>FX</Filter>
    </FxCompile>
    <FxCompile Include="FX\SsaoNormalDepth.fx">
      <Filter>FX</Filter>
    </FxCompile>
    <FxCompile Include="FX\Terrain.fx">
      <Filter>FX</Filter>
    </FxCompile>
  </ItemGroup>
  <ItemGroup>
    <Image Include="Textures\blend.dds">
      <Filter>DDS</Filter>
    </Image>
    <Image Include="Textures\bricks.dds">
      <Filter>DDS</Filter>
    </Image>
    <Image Include="Textures\bricks_nmap.dds">
      <Filter>DDS</Filter>
    </Image>
    <Image Include="Textures\darkdirt.dds">
      <Filter>DDS</Filter>
    </Image>
    <Image Include="Textures\desertcube1024.dds">
      <Filter>DDS</Filter>
    </Image>
    <Image Include="Textures\floor.dds">
      <Filter>DDS</Filter>
    </Image>
    <Image Include="Textures\floor_nmap.dds">
      <Filter>DDS</Filter>
    </Image>
    <Image Include="Textures\grass.dds">
      <Filter>DDS</Filter>
    </Image>
    <Image Include="Textures\grasscube1024.dds">
      <Filter>DDS</Filter>
    </Image>
    <Image Include="Textures\head_diff.dds">
      <Filter>DDS</Filter>
    </Image>
    <Image Include="Textures\head_norm.dds">
      <Filter>DDS</Filter>
    </Image>
    <Image Include="Textures\jacket_diff.dds">
      <Filter>DDS</Filter>
    </Image>
    <Image Include="Textures\jacket_norm.dds">
      <Filter>DDS</Filter>
    </Image>
    <Image Include="Textures\lightdirt.dds">
      <Filter>DDS</Filter>
    </Image>
    <Image Include="Textures\pants_diff.dds">
      <Filter>DDS</Filter>
    </Image>
    <Image Include="Textures\pants_norm.dds">
      <Filter>DDS</Filter>
    </Image>
    <Image Include="Textures\snow.dds">
      <Filter>DDS</Filter>
    </Image>
    <Image Include="Textures\snowcube1024.dds">
      <Filter>DDS</Filter>
    </Image>
    <Image Include="Textures\stone.dds">
      <Filter>DDS</Filter>
    </Image>
    <Image Include="Textures\stones.dds">
      <Filter>DDS</Filter>
    </Image>
    <Image Include="Textures\stones_nmap.dds">
      <Filter>DDS</Filter>
    </Image>
    <Image Include="Textures\sunsetcube1024.dds">
      <Filter>DDS</Filter>
    </Image>
    <Image Include="Textures\terrain.dds">
      <Filter>DDS</Filter>
    </Image>
    <Image Include="Textures\tree01-bark_diffuse.dds">
      <Filter>DDS</Filter>
    </Image>
    <Image Include="Textures\tree01-bark_normal.dds">
      <Filter>DDS</Filter>
    </Image>
    <Image Include="Textures\tree01-leaves_diffuse.dds">
      <Filter>DDS</Filter>
    </Image>
    <Image Include="Textures\tree01-leaves_normal.dds">
      <Filter>DDS</Filter>
    </Image>
    <Image Include="Textures\upBody_diff.dds">
      <Filter>DDS</Filter>
    </Image>
    <Image Include="Textures\upbody_norm.dds">
      <Filter>DDS</Filter>
    </Image>
  </ItemGroup>
  <ItemGroup>
    <None Include="Models\soldier.m3d" />
    <None Include="Models\tree.m3d" />
    <None Include="Textures\map1.raw" />
    <None Include="Textures\terrain.raw" />
    <None Include="Textures\terrain2.raw" />
    <None Include="FX\Basic.fxo">
      <Filter>FX</Filter>
    </None>
    <None Include="FX\BuildShadowMap.fxo">
      <Filter>FX</Filter>
    </None>
    <None Include="FX\cubemap.fxo">
      <Filter>FX</Filter>
    </None>
    <None Include="FX\DebugTexture.fxo">
      <Filter>FX</Filter>
    </None>
    <None Include="FX\NormalMap.fxo">
      <Filter>FX</Filter>
    </None>
    <None Include="FX\Sky.fxo">
      <Filter>FX</Filter>
    </None>
    <None Include="FX\Ssao.fxo">
      <Filter>FX</Filter>
    </None>
    <None Include="FX\SsaoBlur.fxo">
      <Filter>FX</Filter>
    </None>
    <None Include="FX\SsaoNormalDepth.fxo">
      <Filter>FX</Filter>
    </None>
    <None Include="FX\Terrain.fxo">
      <Filter>FX</Filter>
    </None>
    <None Include="terrain.ps">
      <Filter>FX</Filter>
    </None>
    <None Include="terrain.vs">
      <Filter>FX</Filter>
    </None>
    <None Include="texture.ps">
      <Filter>FX</Filter>
    </None>
    <None Include="texture.vs">
      <Filter>FX</Filter>
    </None>
  </ItemGroup>
  <ItemGroup>
    <Text Include="Models\car.txt" />
    <Text Include="Models\skull.txt" />
    <Text Include="Library and Include Files.txt" />
  </ItemGroup>
  <ItemGroup>
    <Media Include="Music.mp3" />
  </ItemGroup>
  <ItemGroup>
    <Object Include="ToT.obj" />
  </ItemGroup>
</Project>